<?xml version="1.0" encoding="UTF-8" standalone="yes" ?>
<CodeBlocks_project_file>
	<FileVersion major="1" minor="6" />
	<Project>
		<Option title="milan&apos;s table" />
		<Option pch_mode="2" />
		<Option compiler="gcc" />
		<Build>
			<Target title="Debug">
				<Option output="bin/Debug/milan&apos;s table" prefix_auto="1" extension_auto="1" />
				<Option object_output="obj/Debug/" />
				<Option type="1" />
				<Option compiler="gcc" />
				<Compiler>
					<Add option="-g" />
				</Compiler>
			</Target>
			<Target title="Release">
				<Option output="bin/Release/milan&apos;s table" prefix_auto="1" extension_auto="1" />
				<Option object_output="obj/Release/" />
				<Option type="1" />
				<Option compiler="gcc" />
				<Compiler>
					<Add option="-O2" />
				</Compiler>
				<Linker>
					<Add option="-s" />
				</Linker>
			</Target>
		</Build>
		<Compiler>
			<Add option="-Wall" />
			<Add option="-fexceptions" />
		</Compiler>
		<Unit filename="GLOBAL.h" />
		<Unit filename="hotel.cpp" />
		<Unit filename="hotel.h" />
		<Unit filename="login.cpp" />
		<Unit filename="login.h" />
		<Unit filename="main.cpp" />
		<Unit filename="projectdatabase.cpp" />
		<Unit filename="projectdatabase.h" />
		<Unit filename="projectfooditem.cpp" />
		<Unit filename="projectfooditem.h" />
		<Unit filename="table.cpp" />
		<Unit filename="table.h" />
		<Extensions>
			<code_completion />
			<envvars />
			<debugger />
			<lib_finder disable_auto="1" />
		</Extensions>
	</Project>
</CodeBlocks_project_file>
